// !$*UTF8*$!
{
	archiveVersion = 1;
	classes = {
	};
	objectVersion = 55;
	objects = {

/* Begin PBXBuildFile section */
		863BB1EF28651D8300253B0F /* TransactionRow.swift in Sources */ = {isa = PBXBuildFile; fileRef = 863BB1EE28651D8300253B0F /* TransactionRow.swift */; };
		863BB1F1286522C900253B0F /* TransactionDetailView.swift in Sources */ = {isa = PBXBuildFile; fileRef = 863BB1F0286522C900253B0F /* TransactionDetailView.swift */; };
		863BB1F32865F40800253B0F /* AmountView.swift in Sources */ = {isa = PBXBuildFile; fileRef = 863BB1F22865F40800253B0F /* AmountView.swift */; };
		86689379286F9C61002FE51D /* ListView.swift in Sources */ = {isa = PBXBuildFile; fileRef = 86689378286F9C61002FE51D /* ListView.swift */; };
		8668937C28708294002FE51D /* ViewModel.swift in Sources */ = {isa = PBXBuildFile; fileRef = 8668937B28708294002FE51D /* ViewModel.swift */; };
		867DED4E2869C62200240434 /* CreateView.swift in Sources */ = {isa = PBXBuildFile; fileRef = 867DED4D2869C62200240434 /* CreateView.swift */; };
		867DED50286E41EA00240434 /* FileManager-Extension.swift in Sources */ = {isa = PBXBuildFile; fileRef = 867DED4F286E41EA00240434 /* FileManager-Extension.swift */; };
		867DED53286E579F00240434 /* getTransactionColor.swift in Sources */ = {isa = PBXBuildFile; fileRef = 867DED52286E579F00240434 /* getTransactionColor.swift */; };
		86B1CD492864C10400F48CA4 /* IBudgetApp.swift in Sources */ = {isa = PBXBuildFile; fileRef = 86B1CD482864C10400F48CA4 /* IBudgetApp.swift */; };
		86B1CD4B2864C10400F48CA4 /* ContentView.swift in Sources */ = {isa = PBXBuildFile; fileRef = 86B1CD4A2864C10400F48CA4 /* ContentView.swift */; };
		86B1CD4D2864C10700F48CA4 /* Assets.xcassets in Resources */ = {isa = PBXBuildFile; fileRef = 86B1CD4C2864C10700F48CA4 /* Assets.xcassets */; };
		86B1CD502864C10700F48CA4 /* Preview Assets.xcassets in Resources */ = {isa = PBXBuildFile; fileRef = 86B1CD4F2864C10700F48CA4 /* Preview Assets.xcassets */; };
		86B1CD572864C16B00F48CA4 /* Transaction.swift in Sources */ = {isa = PBXBuildFile; fileRef = 86B1CD562864C16B00F48CA4 /* Transaction.swift */; };
		86FE9FA02870891D009A6654 /* Budget.swift in Sources */ = {isa = PBXBuildFile; fileRef = 86FE9F9F2870891D009A6654 /* Budget.swift */; };
		86FE9FA22870FA5A009A6654 /* TransactionsView.swift in Sources */ = {isa = PBXBuildFile; fileRef = 86FE9FA12870FA5A009A6654 /* TransactionsView.swift */; };
		86FE9FA42871B5AB009A6654 /* BudgetView.swift in Sources */ = {isa = PBXBuildFile; fileRef = 86FE9FA32871B5AB009A6654 /* BudgetView.swift */; };
		86FE9FA62874DDE9009A6654 /* String-deletingPrefix.swift in Sources */ = {isa = PBXBuildFile; fileRef = 86FE9FA52874DDE9009A6654 /* String-deletingPrefix.swift */; };
		86FE9FA82874E726009A6654 /* RepeatingTimeInterval.swift in Sources */ = {isa = PBXBuildFile; fileRef = 86FE9FA72874E726009A6654 /* RepeatingTimeInterval.swift */; };
		86FE9FDB28759BD8009A6654 /* WidgetKit.framework in Frameworks */ = {isa = PBXBuildFile; fileRef = 86FE9FAF287595CA009A6654 /* WidgetKit.framework */; };
		86FE9FDC28759BD8009A6654 /* SwiftUI.framework in Frameworks */ = {isa = PBXBuildFile; fileRef = 86FE9FB1287595CA009A6654 /* SwiftUI.framework */; };
		86FE9FDF28759BD8009A6654 /* TransactionsWidget.swift in Sources */ = {isa = PBXBuildFile; fileRef = 86FE9FDE28759BD8009A6654 /* TransactionsWidget.swift */; };
		86FE9FE128759BDA009A6654 /* Assets.xcassets in Resources */ = {isa = PBXBuildFile; fileRef = 86FE9FE028759BDA009A6654 /* Assets.xcassets */; };
		86FE9FE528759BDA009A6654 /* TransactionsWidgetExtension.appex in Embed App Extensions */ = {isa = PBXBuildFile; fileRef = 86FE9FDA28759BD8009A6654 /* TransactionsWidgetExtension.appex */; settings = {ATTRIBUTES = (RemoveHeadersOnCopy, ); }; };
		86FE9FE928759C1D009A6654 /* ViewModel.swift in Sources */ = {isa = PBXBuildFile; fileRef = 8668937B28708294002FE51D /* ViewModel.swift */; };
		86FE9FEA28759C21009A6654 /* Transaction.swift in Sources */ = {isa = PBXBuildFile; fileRef = 86B1CD562864C16B00F48CA4 /* Transaction.swift */; };
		86FE9FEB28759C23009A6654 /* Budget.swift in Sources */ = {isa = PBXBuildFile; fileRef = 86FE9F9F2870891D009A6654 /* Budget.swift */; };
		86FE9FEC28759C26009A6654 /* RepeatingTimeInterval.swift in Sources */ = {isa = PBXBuildFile; fileRef = 86FE9FA72874E726009A6654 /* RepeatingTimeInterval.swift */; };
		86FE9FED28759C43009A6654 /* String-deletingPrefix.swift in Sources */ = {isa = PBXBuildFile; fileRef = 86FE9FA52874DDE9009A6654 /* String-deletingPrefix.swift */; };
		86FE9FEE28759C4B009A6654 /* FileManager-Extension.swift in Sources */ = {isa = PBXBuildFile; fileRef = 867DED4F286E41EA00240434 /* FileManager-Extension.swift */; };
/* End PBXBuildFile section */

/* Begin PBXContainerItemProxy section */
		86FE9FE328759BDA009A6654 /* PBXContainerItemProxy */ = {
			isa = PBXContainerItemProxy;
			containerPortal = 86B1CD3D2864C10400F48CA4 /* Project object */;
			proxyType = 1;
			remoteGlobalIDString = 86FE9FD928759BD8009A6654;
			remoteInfo = TransactionsWidgetExtension;
		};
/* End PBXContainerItemProxy section */

/* Begin PBXCopyFilesBuildPhase section */
		86FE9FBF287595CC009A6654 /* Embed App Extensions */ = {
			isa = PBXCopyFilesBuildPhase;
			buildActionMask = 2147483647;
			dstPath = "";
			dstSubfolderSpec = 13;
			files = (
				86FE9FE528759BDA009A6654 /* TransactionsWidgetExtension.appex in Embed App Extensions */,
			);
			name = "Embed App Extensions";
			runOnlyForDeploymentPostprocessing = 0;
		};
/* End PBXCopyFilesBuildPhase section */

/* Begin PBXFileReference section */
		863BB1EE28651D8300253B0F /* TransactionRow.swift */ = {isa = PBXFileReference; lastKnownFileType = sourcecode.swift; path = TransactionRow.swift; sourceTree = "<group>"; };
		863BB1F0286522C900253B0F /* TransactionDetailView.swift */ = {isa = PBXFileReference; lastKnownFileType = sourcecode.swift; path = TransactionDetailView.swift; sourceTree = "<group>"; };
		863BB1F22865F40800253B0F /* AmountView.swift */ = {isa = PBXFileReference; lastKnownFileType = sourcecode.swift; path = AmountView.swift; sourceTree = "<group>"; };
		86689378286F9C61002FE51D /* ListView.swift */ = {isa = PBXFileReference; lastKnownFileType = sourcecode.swift; path = ListView.swift; sourceTree = "<group>"; };
		8668937B28708294002FE51D /* ViewModel.swift */ = {isa = PBXFileReference; lastKnownFileType = sourcecode.swift; path = ViewModel.swift; sourceTree = "<group>"; };
		867DED4D2869C62200240434 /* CreateView.swift */ = {isa = PBXFileReference; lastKnownFileType = sourcecode.swift; path = CreateView.swift; sourceTree = "<group>"; };
		867DED4F286E41EA00240434 /* FileManager-Extension.swift */ = {isa = PBXFileReference; lastKnownFileType = sourcecode.swift; path = "FileManager-Extension.swift"; sourceTree = "<group>"; };
		867DED51286E563400240434 /* TODO.md */ = {isa = PBXFileReference; lastKnownFileType = net.daringfireball.markdown; path = TODO.md; sourceTree = "<group>"; };
		867DED52286E579F00240434 /* getTransactionColor.swift */ = {isa = PBXFileReference; lastKnownFileType = sourcecode.swift; path = getTransactionColor.swift; sourceTree = "<group>"; };
		86B1CD452864C10400F48CA4 /* iBudget.app */ = {isa = PBXFileReference; explicitFileType = wrapper.application; includeInIndex = 0; path = iBudget.app; sourceTree = BUILT_PRODUCTS_DIR; };
		86B1CD482864C10400F48CA4 /* IBudgetApp.swift */ = {isa = PBXFileReference; lastKnownFileType = sourcecode.swift; path = IBudgetApp.swift; sourceTree = "<group>"; };
		86B1CD4A2864C10400F48CA4 /* ContentView.swift */ = {isa = PBXFileReference; lastKnownFileType = sourcecode.swift; path = ContentView.swift; sourceTree = "<group>"; };
		86B1CD4C2864C10700F48CA4 /* Assets.xcassets */ = {isa = PBXFileReference; lastKnownFileType = folder.assetcatalog; path = Assets.xcassets; sourceTree = "<group>"; };
		86B1CD4F2864C10700F48CA4 /* Preview Assets.xcassets */ = {isa = PBXFileReference; lastKnownFileType = folder.assetcatalog; path = "Preview Assets.xcassets"; sourceTree = "<group>"; };
		86B1CD562864C16B00F48CA4 /* Transaction.swift */ = {isa = PBXFileReference; lastKnownFileType = sourcecode.swift; path = Transaction.swift; sourceTree = "<group>"; };
		86FE9F9F2870891D009A6654 /* Budget.swift */ = {isa = PBXFileReference; lastKnownFileType = sourcecode.swift; path = Budget.swift; sourceTree = "<group>"; };
		86FE9FA12870FA5A009A6654 /* TransactionsView.swift */ = {isa = PBXFileReference; lastKnownFileType = sourcecode.swift; path = TransactionsView.swift; sourceTree = "<group>"; };
		86FE9FA32871B5AB009A6654 /* BudgetView.swift */ = {isa = PBXFileReference; lastKnownFileType = sourcecode.swift; path = BudgetView.swift; sourceTree = "<group>"; };
		86FE9FA52874DDE9009A6654 /* String-deletingPrefix.swift */ = {isa = PBXFileReference; lastKnownFileType = sourcecode.swift; name = "String-deletingPrefix.swift"; path = "iBudget/Helper/String-deletingPrefix.swift"; sourceTree = SOURCE_ROOT; };
		86FE9FA72874E726009A6654 /* RepeatingTimeInterval.swift */ = {isa = PBXFileReference; lastKnownFileType = sourcecode.swift; path = RepeatingTimeInterval.swift; sourceTree = "<group>"; };
		86FE9FAF287595CA009A6654 /* WidgetKit.framework */ = {isa = PBXFileReference; lastKnownFileType = wrapper.framework; name = WidgetKit.framework; path = System/Library/Frameworks/WidgetKit.framework; sourceTree = SDKROOT; };
		86FE9FB1287595CA009A6654 /* SwiftUI.framework */ = {isa = PBXFileReference; lastKnownFileType = wrapper.framework; name = SwiftUI.framework; path = System/Library/Frameworks/SwiftUI.framework; sourceTree = SDKROOT; };
		86FE9FDA28759BD8009A6654 /* TransactionsWidgetExtension.appex */ = {isa = PBXFileReference; explicitFileType = "wrapper.app-extension"; includeInIndex = 0; path = TransactionsWidgetExtension.appex; sourceTree = BUILT_PRODUCTS_DIR; };
		86FE9FDE28759BD8009A6654 /* TransactionsWidget.swift */ = {isa = PBXFileReference; lastKnownFileType = sourcecode.swift; path = TransactionsWidget.swift; sourceTree = "<group>"; };
		86FE9FE028759BDA009A6654 /* Assets.xcassets */ = {isa = PBXFileReference; lastKnownFileType = folder.assetcatalog; path = Assets.xcassets; sourceTree = "<group>"; };
		86FE9FE228759BDA009A6654 /* Info.plist */ = {isa = PBXFileReference; lastKnownFileType = text.plist.xml; path = Info.plist; sourceTree = "<group>"; };
/* End PBXFileReference section */

/* Begin PBXFrameworksBuildPhase section */
		86B1CD422864C10400F48CA4 /* Frameworks */ = {
			isa = PBXFrameworksBuildPhase;
			buildActionMask = 2147483647;
			files = (
			);
			runOnlyForDeploymentPostprocessing = 0;
		};
		86FE9FD728759BD8009A6654 /* Frameworks */ = {
			isa = PBXFrameworksBuildPhase;
			buildActionMask = 2147483647;
			files = (
				86FE9FDC28759BD8009A6654 /* SwiftUI.framework in Frameworks */,
				86FE9FDB28759BD8009A6654 /* WidgetKit.framework in Frameworks */,
			);
			runOnlyForDeploymentPostprocessing = 0;
		};
/* End PBXFrameworksBuildPhase section */

/* Begin PBXGroup section */
		86689375286F8EFB002FE51D /* Views */ = {
			isa = PBXGroup;
			children = (
				86B1CD4A2864C10400F48CA4 /* ContentView.swift */,
				86FE9FA32871B5AB009A6654 /* BudgetView.swift */,
				86FE9FA12870FA5A009A6654 /* TransactionsView.swift */,
				86689378286F9C61002FE51D /* ListView.swift */,
				867DED4D2869C62200240434 /* CreateView.swift */,
				863BB1F0286522C900253B0F /* TransactionDetailView.swift */,
				863BB1F22865F40800253B0F /* AmountView.swift */,
				863BB1EE28651D8300253B0F /* TransactionRow.swift */,
			);
			path = Views;
			sourceTree = "<group>";
		};
		86689376286F8F1C002FE51D /* Model */ = {
			isa = PBXGroup;
			children = (
				86B1CD562864C16B00F48CA4 /* Transaction.swift */,
				8668937B28708294002FE51D /* ViewModel.swift */,
				86FE9F9F2870891D009A6654 /* Budget.swift */,
				86FE9FA72874E726009A6654 /* RepeatingTimeInterval.swift */,
			);
			path = Model;
			sourceTree = "<group>";
		};
		86689377286F8FB3002FE51D /* Helper */ = {
			isa = PBXGroup;
			children = (
				86FE9FA52874DDE9009A6654 /* String-deletingPrefix.swift */,
				867DED52286E579F00240434 /* getTransactionColor.swift */,
				867DED4F286E41EA00240434 /* FileManager-Extension.swift */,
			);
			path = Helper;
			sourceTree = "<group>";
		};
		86B1CD3C2864C10400F48CA4 = {
			isa = PBXGroup;
			children = (
				867DED51286E563400240434 /* TODO.md */,
				86B1CD472864C10400F48CA4 /* iBudget */,
				86FE9FDD28759BD8009A6654 /* TransactionsWidget */,
				86FE9FAE287595CA009A6654 /* Frameworks */,
				86B1CD462864C10400F48CA4 /* Products */,
			);
			sourceTree = "<group>";
		};
		86B1CD462864C10400F48CA4 /* Products */ = {
			isa = PBXGroup;
			children = (
				86B1CD452864C10400F48CA4 /* iBudget.app */,
				86FE9FDA28759BD8009A6654 /* TransactionsWidgetExtension.appex */,
			);
			name = Products;
			sourceTree = "<group>";
		};
		86B1CD472864C10400F48CA4 /* iBudget */ = {
			isa = PBXGroup;
			children = (
				86B1CD482864C10400F48CA4 /* IBudgetApp.swift */,
				86689375286F8EFB002FE51D /* Views */,
				86689376286F8F1C002FE51D /* Model */,
				86689377286F8FB3002FE51D /* Helper */,
				86B1CD4C2864C10700F48CA4 /* Assets.xcassets */,
				86B1CD4E2864C10700F48CA4 /* Preview Content */,
			);
			path = iBudget;
			sourceTree = "<group>";
		};
		86B1CD4E2864C10700F48CA4 /* Preview Content */ = {
			isa = PBXGroup;
			children = (
				86B1CD4F2864C10700F48CA4 /* Preview Assets.xcassets */,
			);
			path = "Preview Content";
			sourceTree = "<group>";
		};
		86FE9FAE287595CA009A6654 /* Frameworks */ = {
			isa = PBXGroup;
			children = (
				86FE9FAF287595CA009A6654 /* WidgetKit.framework */,
				86FE9FB1287595CA009A6654 /* SwiftUI.framework */,
			);
			name = Frameworks;
			sourceTree = "<group>";
		};
		86FE9FDD28759BD8009A6654 /* TransactionsWidget */ = {
			isa = PBXGroup;
			children = (
				86FE9FDE28759BD8009A6654 /* TransactionsWidget.swift */,
				86FE9FE028759BDA009A6654 /* Assets.xcassets */,
				86FE9FE228759BDA009A6654 /* Info.plist */,
			);
			path = TransactionsWidget;
			sourceTree = "<group>";
		};
/* End PBXGroup section */

/* Begin PBXNativeTarget section */
		86B1CD442864C10400F48CA4 /* iBudget */ = {
			isa = PBXNativeTarget;
			buildConfigurationList = 86B1CD532864C10700F48CA4 /* Build configuration list for PBXNativeTarget "iBudget" */;
			buildPhases = (
				86B1CD412864C10400F48CA4 /* Sources */,
				86B1CD422864C10400F48CA4 /* Frameworks */,
				86B1CD432864C10400F48CA4 /* Resources */,
				86FE9FBF287595CC009A6654 /* Embed App Extensions */,
			);
			buildRules = (
			);
			dependencies = (
				86FE9FE428759BDA009A6654 /* PBXTargetDependency */,
			);
			name = iBudget;
			productName = BudgetTracker;
			productReference = 86B1CD452864C10400F48CA4 /* iBudget.app */;
			productType = "com.apple.product-type.application";
		};
		86FE9FD928759BD8009A6654 /* TransactionsWidgetExtension */ = {
			isa = PBXNativeTarget;
			buildConfigurationList = 86FE9FE628759BDA009A6654 /* Build configuration list for PBXNativeTarget "TransactionsWidgetExtension" */;
			buildPhases = (
				86FE9FD628759BD8009A6654 /* Sources */,
				86FE9FD728759BD8009A6654 /* Frameworks */,
				86FE9FD828759BD8009A6654 /* Resources */,
			);
			buildRules = (
			);
			dependencies = (
			);
			name = TransactionsWidgetExtension;
			productName = TransactionsWidgetExtension;
			productReference = 86FE9FDA28759BD8009A6654 /* TransactionsWidgetExtension.appex */;
			productType = "com.apple.product-type.app-extension";
		};
/* End PBXNativeTarget section */

/* Begin PBXProject section */
		86B1CD3D2864C10400F48CA4 /* Project object */ = {
			isa = PBXProject;
			attributes = {
				BuildIndependentTargetsInParallel = 1;
				LastSwiftUpdateCheck = 1340;
				LastUpgradeCheck = 1340;
				TargetAttributes = {
					86B1CD442864C10400F48CA4 = {
						CreatedOnToolsVersion = 13.4.1;
					};
					86FE9FD928759BD8009A6654 = {
						CreatedOnToolsVersion = 13.4.1;
					};
				};
			};
			buildConfigurationList = 86B1CD402864C10400F48CA4 /* Build configuration list for PBXProject "iBudget" */;
			compatibilityVersion = "Xcode 13.0";
			developmentRegion = en;
			hasScannedForEncodings = 0;
			knownRegions = (
				en,
				Base,
			);
			mainGroup = 86B1CD3C2864C10400F48CA4;
			productRefGroup = 86B1CD462864C10400F48CA4 /* Products */;
			projectDirPath = "";
			projectRoot = "";
			targets = (
				86B1CD442864C10400F48CA4 /* iBudget */,
				86FE9FD928759BD8009A6654 /* TransactionsWidgetExtension */,
			);
		};
/* End PBXProject section */

/* Begin PBXResourcesBuildPhase section */
		86B1CD432864C10400F48CA4 /* Resources */ = {
			isa = PBXResourcesBuildPhase;
			buildActionMask = 2147483647;
			files = (
				86B1CD502864C10700F48CA4 /* Preview Assets.xcassets in Resources */,
				86B1CD4D2864C10700F48CA4 /* Assets.xcassets in Resources */,
			);
			runOnlyForDeploymentPostprocessing = 0;
		};
		86FE9FD828759BD8009A6654 /* Resources */ = {
			isa = PBXResourcesBuildPhase;
			buildActionMask = 2147483647;
			files = (
				86FE9FE128759BDA009A6654 /* Assets.xcassets in Resources */,
			);
			runOnlyForDeploymentPostprocessing = 0;
		};
/* End PBXResourcesBuildPhase section */

/* Begin PBXSourcesBuildPhase section */
		86B1CD412864C10400F48CA4 /* Sources */ = {
			isa = PBXSourcesBuildPhase;
			buildActionMask = 2147483647;
			files = (
				8668937C28708294002FE51D /* ViewModel.swift in Sources */,
				86B1CD4B2864C10400F48CA4 /* ContentView.swift in Sources */,
				86FE9FA02870891D009A6654 /* Budget.swift in Sources */,
				863BB1F1286522C900253B0F /* TransactionDetailView.swift in Sources */,
				863BB1F32865F40800253B0F /* AmountView.swift in Sources */,
				867DED50286E41EA00240434 /* FileManager-Extension.swift in Sources */,
				86FE9FA22870FA5A009A6654 /* TransactionsView.swift in Sources */,
				863BB1EF28651D8300253B0F /* TransactionRow.swift in Sources */,
				867DED4E2869C62200240434 /* CreateView.swift in Sources */,
				867DED53286E579F00240434 /* getTransactionColor.swift in Sources */,
				86FE9FA62874DDE9009A6654 /* String-deletingPrefix.swift in Sources */,
				86689379286F9C61002FE51D /* ListView.swift in Sources */,
				86FE9FA42871B5AB009A6654 /* BudgetView.swift in Sources */,
				86B1CD492864C10400F48CA4 /* IBudgetApp.swift in Sources */,
				86B1CD572864C16B00F48CA4 /* Transaction.swift in Sources */,
				86FE9FA82874E726009A6654 /* RepeatingTimeInterval.swift in Sources */,
			);
			runOnlyForDeploymentPostprocessing = 0;
		};
		86FE9FD628759BD8009A6654 /* Sources */ = {
			isa = PBXSourcesBuildPhase;
			buildActionMask = 2147483647;
			files = (
				86FE9FDF28759BD8009A6654 /* TransactionsWidget.swift in Sources */,
				86FE9FE928759C1D009A6654 /* ViewModel.swift in Sources */,
				86FE9FEC28759C26009A6654 /* RepeatingTimeInterval.swift in Sources */,
				86FE9FEB28759C23009A6654 /* Budget.swift in Sources */,
				86FE9FEE28759C4B009A6654 /* FileManager-Extension.swift in Sources */,
				86FE9FED28759C43009A6654 /* String-deletingPrefix.swift in Sources */,
				86FE9FEA28759C21009A6654 /* Transaction.swift in Sources */,
			);
			runOnlyForDeploymentPostprocessing = 0;
		};
/* End PBXSourcesBuildPhase section */

/* Begin PBXTargetDependency section */
		86FE9FE428759BDA009A6654 /* PBXTargetDependency */ = {
			isa = PBXTargetDependency;
			target = 86FE9FD928759BD8009A6654 /* TransactionsWidgetExtension */;
			targetProxy = 86FE9FE328759BDA009A6654 /* PBXContainerItemProxy */;
		};
/* End PBXTargetDependency section */

/* Begin XCBuildConfiguration section */
		86B1CD512864C10700F48CA4 /* Debug */ = {
			isa = XCBuildConfiguration;
			buildSettings = {
				ALWAYS_SEARCH_USER_PATHS = NO;
				CLANG_ANALYZER_NONNULL = YES;
				CLANG_ANALYZER_NUMBER_OBJECT_CONVERSION = YES_AGGRESSIVE;
				CLANG_CXX_LANGUAGE_STANDARD = "gnu++17";
				CLANG_ENABLE_MODULES = YES;
				CLANG_ENABLE_OBJC_ARC = YES;
				CLANG_ENABLE_OBJC_WEAK = YES;
				CLANG_WARN_BLOCK_CAPTURE_AUTORELEASING = YES;
				CLANG_WARN_BOOL_CONVERSION = YES;
				CLANG_WARN_COMMA = YES;
				CLANG_WARN_CONSTANT_CONVERSION = YES;
				CLANG_WARN_DEPRECATED_OBJC_IMPLEMENTATIONS = YES;
				CLANG_WARN_DIRECT_OBJC_ISA_USAGE = YES_ERROR;
				CLANG_WARN_DOCUMENTATION_COMMENTS = YES;
				CLANG_WARN_EMPTY_BODY = YES;
				CLANG_WARN_ENUM_CONVERSION = YES;
				CLANG_WARN_INFINITE_RECURSION = YES;
				CLANG_WARN_INT_CONVERSION = YES;
				CLANG_WARN_NON_LITERAL_NULL_CONVERSION = YES;
				CLANG_WARN_OBJC_IMPLICIT_RETAIN_SELF = YES;
				CLANG_WARN_OBJC_LITERAL_CONVERSION = YES;
				CLANG_WARN_OBJC_ROOT_CLASS = YES_ERROR;
				CLANG_WARN_QUOTED_INCLUDE_IN_FRAMEWORK_HEADER = YES;
				CLANG_WARN_RANGE_LOOP_ANALYSIS = YES;
				CLANG_WARN_STRICT_PROTOTYPES = YES;
				CLANG_WARN_SUSPICIOUS_MOVE = YES;
				CLANG_WARN_UNGUARDED_AVAILABILITY = YES_AGGRESSIVE;
				CLANG_WARN_UNREACHABLE_CODE = YES;
				CLANG_WARN__DUPLICATE_METHOD_MATCH = YES;
				COPY_PHASE_STRIP = NO;
				DEBUG_INFORMATION_FORMAT = dwarf;
				ENABLE_STRICT_OBJC_MSGSEND = YES;
				ENABLE_TESTABILITY = YES;
				GCC_C_LANGUAGE_STANDARD = gnu11;
				GCC_DYNAMIC_NO_PIC = NO;
				GCC_NO_COMMON_BLOCKS = YES;
				GCC_OPTIMIZATION_LEVEL = 0;
				GCC_PREPROCESSOR_DEFINITIONS = (
					"DEBUG=1",
					"$(inherited)",
				);
				GCC_WARN_64_TO_32_BIT_CONVERSION = YES;
				GCC_WARN_ABOUT_RETURN_TYPE = YES_ERROR;
				GCC_WARN_UNDECLARED_SELECTOR = YES;
				GCC_WARN_UNINITIALIZED_AUTOS = YES_AGGRESSIVE;
				GCC_WARN_UNUSED_FUNCTION = YES;
				GCC_WARN_UNUSED_VARIABLE = YES;
				IPHONEOS_DEPLOYMENT_TARGET = 15.5;
				MTL_ENABLE_DEBUG_INFO = INCLUDE_SOURCE;
				MTL_FAST_MATH = YES;
				ONLY_ACTIVE_ARCH = YES;
				SDKROOT = iphoneos;
				SWIFT_ACTIVE_COMPILATION_CONDITIONS = DEBUG;
				SWIFT_OPTIMIZATION_LEVEL = "-Onone";
			};
			name = Debug;
		};
		86B1CD522864C10700F48CA4 /* Release */ = {
			isa = XCBuildConfiguration;
			buildSettings = {
				ALWAYS_SEARCH_USER_PATHS = NO;
				CLANG_ANALYZER_NONNULL = YES;
				CLANG_ANALYZER_NUMBER_OBJECT_CONVERSION = YES_AGGRESSIVE;
				CLANG_CXX_LANGUAGE_STANDARD = "gnu++17";
				CLANG_ENABLE_MODULES = YES;
				CLANG_ENABLE_OBJC_ARC = YES;
				CLANG_ENABLE_OBJC_WEAK = YES;
				CLANG_WARN_BLOCK_CAPTURE_AUTORELEASING = YES;
				CLANG_WARN_BOOL_CONVERSION = YES;
				CLANG_WARN_COMMA = YES;
				CLANG_WARN_CONSTANT_CONVERSION = YES;
				CLANG_WARN_DEPRECATED_OBJC_IMPLEMENTATIONS = YES;
				CLANG_WARN_DIRECT_OBJC_ISA_USAGE = YES_ERROR;
				CLANG_WARN_DOCUMENTATION_COMMENTS = YES;
				CLANG_WARN_EMPTY_BODY = YES;
				CLANG_WARN_ENUM_CONVERSION = YES;
				CLANG_WARN_INFINITE_RECURSION = YES;
				CLANG_WARN_INT_CONVERSION = YES;
				CLANG_WARN_NON_LITERAL_NULL_CONVERSION = YES;
				CLANG_WARN_OBJC_IMPLICIT_RETAIN_SELF = YES;
				CLANG_WARN_OBJC_LITERAL_CONVERSION = YES;
				CLANG_WARN_OBJC_ROOT_CLASS = YES_ERROR;
				CLANG_WARN_QUOTED_INCLUDE_IN_FRAMEWORK_HEADER = YES;
				CLANG_WARN_RANGE_LOOP_ANALYSIS = YES;
				CLANG_WARN_STRICT_PROTOTYPES = YES;
				CLANG_WARN_SUSPICIOUS_MOVE = YES;
				CLANG_WARN_UNGUARDED_AVAILABILITY = YES_AGGRESSIVE;
				CLANG_WARN_UNREACHABLE_CODE = YES;
				CLANG_WARN__DUPLICATE_METHOD_MATCH = YES;
				COPY_PHASE_STRIP = NO;
				DEBUG_INFORMATION_FORMAT = "dwarf-with-dsym";
				ENABLE_NS_ASSERTIONS = NO;
				ENABLE_STRICT_OBJC_MSGSEND = YES;
				GCC_C_LANGUAGE_STANDARD = gnu11;
				GCC_NO_COMMON_BLOCKS = YES;
				GCC_WARN_64_TO_32_BIT_CONVERSION = YES;
				GCC_WARN_ABOUT_RETURN_TYPE = YES_ERROR;
				GCC_WARN_UNDECLARED_SELECTOR = YES;
				GCC_WARN_UNINITIALIZED_AUTOS = YES_AGGRESSIVE;
				GCC_WARN_UNUSED_FUNCTION = YES;
				GCC_WARN_UNUSED_VARIABLE = YES;
				IPHONEOS_DEPLOYMENT_TARGET = 15.5;
				MTL_ENABLE_DEBUG_INFO = NO;
				MTL_FAST_MATH = YES;
				SDKROOT = iphoneos;
				SWIFT_COMPILATION_MODE = wholemodule;
				SWIFT_OPTIMIZATION_LEVEL = "-O";
				VALIDATE_PRODUCT = YES;
			};
			name = Release;
		};
		86B1CD542864C10700F48CA4 /* Debug */ = {
			isa = XCBuildConfiguration;
			buildSettings = {
				ALWAYS_EMBED_SWIFT_STANDARD_LIBRARIES = YES;
				ASSETCATALOG_COMPILER_APPICON_NAME = AppIcon;
				ASSETCATALOG_COMPILER_GLOBAL_ACCENT_COLOR_NAME = AccentColor;
				CODE_SIGN_STYLE = Automatic;
				CURRENT_PROJECT_VERSION = 1;
				DEVELOPMENT_ASSET_PATHS = "\"iBudget/Preview Content\"";
				DEVELOPMENT_TEAM = 2K686Y87BH;
				ENABLE_PREVIEWS = YES;
				GENERATE_INFOPLIST_FILE = YES;
				INFOPLIST_KEY_NSFaceIDUsageDescription = "Unlock your transactions. ";
				INFOPLIST_KEY_UIApplicationSceneManifest_Generation = YES;
				INFOPLIST_KEY_UIApplicationSupportsIndirectInputEvents = YES;
				INFOPLIST_KEY_UILaunchScreen_Generation = YES;
				INFOPLIST_KEY_UISupportedInterfaceOrientations_iPad = "UIInterfaceOrientationPortrait UIInterfaceOrientationPortraitUpsideDown UIInterfaceOrientationLandscapeLeft UIInterfaceOrientationLandscapeRight";
				INFOPLIST_KEY_UISupportedInterfaceOrientations_iPhone = "UIInterfaceOrientationPortrait UIInterfaceOrientationLandscapeLeft UIInterfaceOrientationLandscapeRight";
				LD_RUNPATH_SEARCH_PATHS = (
					"$(inherited)",
					"@executable_path/Frameworks",
				);
				MARKETING_VERSION = 1.0;
				PRODUCT_BUNDLE_IDENTIFIER = com.gm.iBudget;
				PRODUCT_NAME = iBudget;
				SWIFT_EMIT_LOC_STRINGS = YES;
				SWIFT_VERSION = 5.0;
				TARGETED_DEVICE_FAMILY = "1,2";
			};
			name = Debug;
		};
		86B1CD552864C10700F48CA4 /* Release */ = {
			isa = XCBuildConfiguration;
			buildSettings = {
				ALWAYS_EMBED_SWIFT_STANDARD_LIBRARIES = YES;
				ASSETCATALOG_COMPILER_APPICON_NAME = AppIcon;
				ASSETCATALOG_COMPILER_GLOBAL_ACCENT_COLOR_NAME = AccentColor;
				CODE_SIGN_STYLE = Automatic;
				CURRENT_PROJECT_VERSION = 1;
				DEVELOPMENT_ASSET_PATHS = "\"iBudget/Preview Content\"";
				DEVELOPMENT_TEAM = 2K686Y87BH;
				ENABLE_PREVIEWS = YES;
				GENERATE_INFOPLIST_FILE = YES;
				INFOPLIST_KEY_NSFaceIDUsageDescription = "Unlock your transactions. ";
				INFOPLIST_KEY_UIApplicationSceneManifest_Generation = YES;
				INFOPLIST_KEY_UIApplicationSupportsIndirectInputEvents = YES;
				INFOPLIST_KEY_UILaunchScreen_Generation = YES;
				INFOPLIST_KEY_UISupportedInterfaceOrientations_iPad = "UIInterfaceOrientationPortrait UIInterfaceOrientationPortraitUpsideDown UIInterfaceOrientationLandscapeLeft UIInterfaceOrientationLandscapeRight";
				INFOPLIST_KEY_UISupportedInterfaceOrientations_iPhone = "UIInterfaceOrientationPortrait UIInterfaceOrientationLandscapeLeft UIInterfaceOrientationLandscapeRight";
				LD_RUNPATH_SEARCH_PATHS = (
					"$(inherited)",
					"@executable_path/Frameworks",
				);
				MARKETING_VERSION = 1.0;
				PRODUCT_BUNDLE_IDENTIFIER = com.gm.iBudget;
				PRODUCT_NAME = iBudget;
				SWIFT_EMIT_LOC_STRINGS = YES;
				SWIFT_VERSION = 5.0;
				TARGETED_DEVICE_FAMILY = "1,2";
			};
			name = Release;
		};
		86FE9FE728759BDA009A6654 /* Debug */ = {
			isa = XCBuildConfiguration;
			buildSettings = {
				ASSETCATALOG_COMPILER_GLOBAL_ACCENT_COLOR_NAME = AccentColor;
				ASSETCATALOG_COMPILER_WIDGET_BACKGROUND_COLOR_NAME = WidgetBackground;
				CODE_SIGN_STYLE = Automatic;
				CURRENT_PROJECT_VERSION = 1;
				DEVELOPMENT_TEAM = 2K686Y87BH;
				GENERATE_INFOPLIST_FILE = YES;
				INFOPLIST_FILE = TransactionsWidget/Info.plist;
				INFOPLIST_KEY_CFBundleDisplayName = TransactionsWidget;
				INFOPLIST_KEY_NSHumanReadableCopyright = "";
				LD_RUNPATH_SEARCH_PATHS = (
					"$(inherited)",
					"@executable_path/Frameworks",
					"@executable_path/../../Frameworks",
				);
				MARKETING_VERSION = 1.0;
				PRODUCT_BUNDLE_IDENTIFIER = com.gm.iBudget.TransactionsWidget;
				PRODUCT_NAME = "$(TARGET_NAME)";
				SKIP_INSTALL = YES;
				SWIFT_EMIT_LOC_STRINGS = YES;
				SWIFT_VERSION = 5.0;
				TARGETED_DEVICE_FAMILY = "1,2";
			};
			name = Debug;
		};
		86FE9FE828759BDA009A6654 /* Release */ = {
			isa = XCBuildConfiguration;
			buildSettings = {
				ASSETCATALOG_COMPILER_GLOBAL_ACCENT_COLOR_NAME = AccentColor;
				ASSETCATALOG_COMPILER_WIDGET_BACKGROUND_COLOR_NAME = WidgetBackground;
				CODE_SIGN_STYLE = Automatic;
				CURRENT_PROJECT_VERSION = 1;
				DEVELOPMENT_TEAM = 2K686Y87BH;
				GENERATE_INFOPLIST_FILE = YES;
				INFOPLIST_FILE = TransactionsWidget/Info.plist;
				INFOPLIST_KEY_CFBundleDisplayName = TransactionsWidget;
				INFOPLIST_KEY_NSHumanReadableCopyright = "";
				LD_RUNPATH_SEARCH_PATHS = (
					"$(inherited)",
					"@executable_path/Frameworks",
					"@executable_path/../../Frameworks",
				);
				MARKETING_VERSION = 1.0;
				PRODUCT_BUNDLE_IDENTIFIER = com.gm.iBudget.TransactionsWidget;
				PRODUCT_NAME = "$(TARGET_NAME)";
				SKIP_INSTALL = YES;
				SWIFT_EMIT_LOC_STRINGS = YES;
				SWIFT_VERSION = 5.0;
				TARGETED_DEVICE_FAMILY = "1,2";
			};
			name = Release;
		};
/* End XCBuildConfiguration section */

/* Begin XCConfigurationList section */
		86B1CD402864C10400F48CA4 /* Build configuration list for PBXProject "iBudget" */ = {
			isa = XCConfigurationList;
			buildConfigurations = (
				86B1CD512864C10700F48CA4 /* Debug */,
				86B1CD522864C10700F48CA4 /* Release */,
			);
			defaultConfigurationIsVisible = 0;
			defaultConfigurationName = Release;
		};
		86B1CD532864C10700F48CA4 /* Build configuration list for PBXNativeTarget "iBudget" */ = {
			isa = XCConfigurationList;
			buildConfigurations = (
				86B1CD542864C10700F48CA4 /* Debug */,
				86B1CD552864C10700F48CA4 /* Release */,
			);
			defaultConfigurationIsVisible = 0;
			defaultConfigurationName = Release;
		};
		86FE9FE628759BDA009A6654 /* Build configuration list for PBXNativeTarget "TransactionsWidgetExtension" */ = {
			isa = XCConfigurationList;
			buildConfigurations = (
				86FE9FE728759BDA009A6654 /* Debug */,
				86FE9FE828759BDA009A6654 /* Release */,
			);
			defaultConfigurationIsVisible = 0;
			defaultConfigurationName = Release;
		};
/* End XCConfigurationList section */
	};
	rootObject = 86B1CD3D2864C10400F48CA4 /* Project object */;
}
